
Microsoft Visual Studio Solution File, Format Version 12.00
# Visual Studio 2013
VisualStudioVersion = 12.0.31101.0
MinimumVisualStudioVersion = 10.0.40219.1
Project("{FAE04EC0-301F-11D3-BF4B-00C04F79EFBC}") = "MachineMappedSettings.Core", "MachineMappedSettings.Core\MachineMappedSettings.Core.csproj", "{2C85BB3F-2367-4F21-B8A9-80353550114D}"
EndProject
Project("{FAE04EC0-301F-11D3-BF4B-00C04F79EFBC}") = "MachineMappedSettings.NetConfigFile", "MachineMappedSettings.NetConfigFile\MachineMappedSettings.NetConfigFile.csproj", "{59174918-7CD3-4F6B-B1EC-57DA9BFEF812}"
EndProject
Project("{FAE04EC0-301F-11D3-BF4B-00C04F79EFBC}") = "MachineMappedSettings.TestConsoleApp", "MachineMappedSettings.TestConsoleApp\MachineMappedSettings.TestConsoleApp.csproj", "{841BE751-7371-4E98-A0AC-EF3254F1097E}"
EndProject
Project("{2150E333-8FDC-42A3-9474-1A3956D46DE8}") = ".common", ".common", "{CC1BFF0C-E8FD-4297-B5BD-6F4F63850BD4}"
	ProjectSection(SolutionItems) = preProject
		.common\CommonAssemblyInfo.cs = .common\CommonAssemblyInfo.cs
	EndProjectSection
EndProject
Global
	GlobalSection(SolutionConfigurationPlatforms) = preSolution
		Debug|Any CPU = Debug|Any CPU
		Release|Any CPU = Release|Any CPU
	EndGlobalSection
	GlobalSection(ProjectConfigurationPlatforms) = postSolution
		{2C85BB3F-2367-4F21-B8A9-80353550114D}.Debug|Any CPU.ActiveCfg = Debug|Any CPU
		{2C85BB3F-2367-4F21-B8A9-80353550114D}.Debug|Any CPU.Build.0 = Debug|Any CPU
		{2C85BB3F-2367-4F21-B8A9-80353550114D}.Release|Any CPU.ActiveCfg = Release|Any CPU
		{2C85BB3F-2367-4F21-B8A9-80353550114D}.Release|Any CPU.Build.0 = Release|Any CPU
		{59174918-7CD3-4F6B-B1EC-57DA9BFEF812}.Debug|Any CPU.ActiveCfg = Debug|Any CPU
		{59174918-7CD3-4F6B-B1EC-57DA9BFEF812}.Debug|Any CPU.Build.0 = Debug|Any CPU
		{59174918-7CD3-4F6B-B1EC-57DA9BFEF812}.Release|Any CPU.ActiveCfg = Release|Any CPU
		{59174918-7CD3-4F6B-B1EC-57DA9BFEF812}.Release|Any CPU.Build.0 = Release|Any CPU
		{841BE751-7371-4E98-A0AC-EF3254F1097E}.Debug|Any CPU.ActiveCfg = Debug|Any CPU
		{841BE751-7371-4E98-A0AC-EF3254F1097E}.Debug|Any CPU.Build.0 = Debug|Any CPU
		{841BE751-7371-4E98-A0AC-EF3254F1097E}.Release|Any CPU.ActiveCfg = Release|Any CPU
		{841BE751-7371-4E98-A0AC-EF3254F1097E}.Release|Any CPU.Build.0 = Release|Any CPU
	EndGlobalSection
	GlobalSection(SolutionProperties) = preSolution
		HideSolutionNode = FALSE
	EndGlobalSection
EndGlobal
